
Microsoft Visual Studio Solution File, Format Version 12.00
# Visual Studio Version 17
VisualStudioVersion = 17.13.35931.197
MinimumVisualStudioVersion = 10.0.40219.1
Project("{FAE04EC0-301F-11D3-BF4B-00C04F79EFBC}") = "Exercício_1", "Exercício_1.csproj", "{5B035192-553A-4698-8D6F-DB5E5F7B1EA8}"
EndProject
Project("{FAE04EC0-301F-11D3-BF4B-00C04F79EFBC}") = "Exercício_2", "..\Exercício_2\Exercício_2.csproj", "{05B1CE01-1269-4EB8-B5DD-5EE5FA51957C}"
EndProject
Global
	GlobalSection(SolutionConfigurationPlatforms) = preSolution
		Debug|Any CPU = Debug|Any CPU
		Release|Any CPU = Release|Any CPU
	EndGlobalSection
	GlobalSection(ProjectConfigurationPlatforms) = postSolution
		{5B035192-553A-4698-8D6F-DB5E5F7B1EA8}.Debug|Any CPU.ActiveCfg = Debug|Any CPU
		{5B035192-553A-4698-8D6F-DB5E5F7B1EA8}.Debug|Any CPU.Build.0 = Debug|Any CPU
		{5B035192-553A-4698-8D6F-DB5E5F7B1EA8}.Release|Any CPU.ActiveCfg = Release|Any CPU
		{5B035192-553A-4698-8D6F-DB5E5F7B1EA8}.Release|Any CPU.Build.0 = Release|Any CPU
		{05B1CE01-1269-4EB8-B5DD-5EE5FA51957C}.Debug|Any CPU.ActiveCfg = Debug|Any CPU
		{05B1CE01-1269-4EB8-B5DD-5EE5FA51957C}.Debug|Any CPU.Build.0 = Debug|Any CPU
		{05B1CE01-1269-4EB8-B5DD-5EE5FA51957C}.Release|Any CPU.ActiveCfg = Release|Any CPU
		{05B1CE01-1269-4EB8-B5DD-5EE5FA51957C}.Release|Any CPU.Build.0 = Release|Any CPU
	EndGlobalSection
	GlobalSection(SolutionProperties) = preSolution
		HideSolutionNode = FALSE
	EndGlobalSection
	GlobalSection(ExtensibilityGlobals) = postSolution
		SolutionGuid = {4792A502-8682-4E03-9ECA-3D0AF65405FF}
	EndGlobalSection
EndGlobal
